# This file is generated by running "yarn install" inside your project.
# Manual changes might be lost - proceed with caution!

__metadata:
  version: 6
  cacheKey: 8

"@babel/code-frame@npm:^7.27.1":
  version: 7.27.1
  resolution: "@babel/code-frame@npm:7.27.1"
  dependencies:
    "@babel/helper-validator-identifier": ^7.27.1
    js-tokens: ^4.0.0
    picocolors: ^1.1.1
  checksum: 5874edc5d37406c4a0bb14cf79c8e51ad412fb0423d176775ac14fc0259831be1bf95bdda9c2aa651126990505e09a9f0ed85deaa99893bc316d2682c5115bdc
  languageName: node
  linkType: hard

"@babel/generator@npm:^7.28.3":
  version: 7.28.3
  resolution: "@babel/generator@npm:7.28.3"
  dependencies:
    "@babel/parser": ^7.28.3
    "@babel/types": ^7.28.2
    "@jridgewell/gen-mapping": ^0.3.12
    "@jridgewell/trace-mapping": ^0.3.28
    jsesc: ^3.0.2
  checksum: e2202bf2b9c8a94f7e7a0a049fda0ee037d055c46922e85afa3bbc53309113f859b8193894f991045d7865226028b8f4f06152ed315ab414451932016dba5e42
  languageName: node
  linkType: hard

"@babel/helper-globals@npm:^7.28.0":
  version: 7.28.0
  resolution: "@babel/helper-globals@npm:7.28.0"
  checksum: d8d7b91c12dad1ee747968af0cb73baf91053b2bcf78634da2c2c4991fb45ede9bd0c8f9b5f3254881242bc0921218fcb7c28ae885477c25177147e978ce4397
  languageName: node
  linkType: hard

"@babel/helper-plugin-utils@npm:^7.27.1":
  version: 7.27.1
  resolution: "@babel/helper-plugin-utils@npm:7.27.1"
  checksum: 10/96136c2428888e620e2ec493c25888f9ceb4a21099dcf3dd4508ea64b58cdedbd5a9fb6c7b352546de84d6c24edafe482318646932a22c449ebd16d16c22d864
  languageName: node
  linkType: hard

"@babel/helper-string-parser@npm:^7.27.1":
  version: 7.27.1
  resolution: "@babel/helper-string-parser@npm:7.27.1"
  checksum: 0a8464adc4b39b138aedcb443b09f4005d86207d7126e5e079177e05c3116107d856ec08282b365e9a79a9872f40f4092a6127f8d74c8a01c1ef789dacfc25d6
  languageName: node
  linkType: hard

"@babel/helper-validator-identifier@npm:^7.27.1":
  version: 7.27.1
  resolution: "@babel/helper-validator-identifier@npm:7.27.1"
  checksum: 3c7e8391e59d6c85baeefe9afb86432f2ab821c6232b00ea9082a51d3e7e95a2f3fb083d74dc1f49ac82cf238e1d2295dafcb001f7b0fab479f3f56af5eaaa47
  languageName: node
  linkType: hard

"@babel/parser@npm:^7.27.2, @babel/parser@npm:^7.28.3, @babel/parser@npm:^7.28.4":
  version: 7.28.4
  resolution: "@babel/parser@npm:7.28.4"
  dependencies:
    "@babel/types": ^7.28.4
  bin:
    parser: ./bin/babel-parser.js
  checksum: d95e283fe1153039b396926ef567ca1ab114afb5c732a23bbcbbd0465ac59971aeb6a63f37593ce7671a52d34ec52b23008c999d68241b42d26928c540464063
  languageName: node
  linkType: hard

"@babel/plugin-proposal-explicit-resource-management@npm:^7.27.4":
  version: 7.27.4
  resolution: "@babel/plugin-proposal-explicit-resource-management@npm:7.27.4"
  dependencies:
    "@babel/helper-plugin-utils": ^7.27.1
    "@babel/plugin-transform-destructuring": ^7.27.3
  peerDependencies:
    "@babel/core": ^7.0.0-0
  checksum: 448ca36df031a62fe2b5c7256153cb16d1f2c98ab3cdc56852f9a488a21ccf49a4017a00e60e3670821a323f8c613c46642079ed7c99c4afe2475a5ecdd7a406
  languageName: node
  linkType: hard

"@babel/plugin-transform-destructuring@npm:^7.27.3":
  version: 7.28.0
  resolution: "@babel/plugin-transform-destructuring@npm:7.28.0"
  dependencies:
    "@babel/helper-plugin-utils": ^7.27.1
    "@babel/traverse": ^7.28.0
  peerDependencies:
    "@babel/core": ^7.0.0-0
  checksum: 5b464d6a03c6eaa1327b60ffc1630ca977db0256938b34e281e65c81c965680e930a6bac043272942d6d4bbd7d1eddded0b7231779429ba51275e092e7367859
  languageName: node
  linkType: hard

"@babel/template@npm:^7.27.2":
  version: 7.27.2
  resolution: "@babel/template@npm:7.27.2"
  dependencies:
    "@babel/code-frame": ^7.27.1
    "@babel/parser": ^7.27.2
    "@babel/types": ^7.27.1
  checksum: ff5628bc066060624afd970616090e5bba91c6240c2e4b458d13267a523572cbfcbf549391eec8217b94b064cf96571c6273f0c04b28a8567b96edc675c28e27
  languageName: node
  linkType: hard

"@babel/traverse@npm:^7.28.0":
  version: 7.28.4
  resolution: "@babel/traverse@npm:7.28.4"
  dependencies:
    "@babel/code-frame": ^7.27.1
    "@babel/generator": ^7.28.3
    "@babel/helper-globals": ^7.28.0
    "@babel/parser": ^7.28.4
    "@babel/template": ^7.27.2
    "@babel/types": ^7.28.4
    debug: ^4.3.1
  checksum: d603b8ce4e55ba4fc7b28d3362cc2b1b20bc887e471c8a59fe87b2578c26803c9ef8fcd118081dd8283ea78e0e9a6df9d88c8520033c6aaf81eec30d2a669151
  languageName: node
  linkType: hard

"@babel/types@npm:^7.27.1, @babel/types@npm:^7.28.2, @babel/types@npm:^7.28.4":
  version: 7.28.4
  resolution: "@babel/types@npm:7.28.4"
  dependencies:
    "@babel/helper-string-parser": ^7.27.1
    "@babel/helper-validator-identifier": ^7.27.1
  checksum: a369b4fb73415a2ed902a15576b49696ae9777ddee394a7a904c62e6fbb31f43906b0147ae0b8f03ac17f20c248eac093df349e33c65c94617b12e524b759694
  languageName: node
  linkType: hard

"@jridgewell/gen-mapping@npm:^0.3.12":
  version: 0.3.13
  resolution: "@jridgewell/gen-mapping@npm:0.3.13"
  dependencies:
    "@jridgewell/sourcemap-codec": ^1.5.0
    "@jridgewell/trace-mapping": ^0.3.24
  checksum: f2105acefc433337145caa3c84bba286de954f61c0bc46279bbd85a9e6a02871089717fa060413cfb6a9d44189fe8313b2d1cabf3a2eb3284d208fd5f75c54ff
  languageName: node
  linkType: hard

"@jridgewell/resolve-uri@npm:^3.1.0":
  version: 3.1.2
  resolution: "@jridgewell/resolve-uri@npm:3.1.2"
  checksum: 83b85f72c59d1c080b4cbec0fef84528963a1b5db34e4370fa4bd1e3ff64a0d80e0cee7369d11d73c704e0286fb2865b530acac7a871088fbe92b5edf1000870
  languageName: node
  linkType: hard

"@jridgewell/sourcemap-codec@npm:^1.4.14, @jridgewell/sourcemap-codec@npm:^1.5.0":
  version: 1.5.5
  resolution: "@jridgewell/sourcemap-codec@npm:1.5.5"
  checksum: c2e36e67971f719a8a3a85ef5a5f580622437cc723c35d03ebd0c9c0b06418700ef006f58af742791f71f6a4fc68fcfaf1f6a74ec2f9a3332860e9373459dae7
  languageName: node
  linkType: hard

"@jridgewell/trace-mapping@npm:^0.3.24, @jridgewell/trace-mapping@npm:^0.3.28":
  version: 0.3.31
  resolution: "@jridgewell/trace-mapping@npm:0.3.31"
  dependencies:
    "@jridgewell/resolve-uri": ^3.1.0
    "@jridgewell/sourcemap-codec": ^1.4.14
  checksum: af8fda2431348ad507fbddf8e25f5d08c79ecc94594061ce402cf41bc5aba1a7b3e59bf0fd70a619b35f33983a3f488ceeba8faf56bff784f98bb5394a8b7d47
  languageName: node
  linkType: hard

"debug@npm:^4.3.1":
  version: 4.4.3
  resolution: "debug@npm:4.4.3"
  dependencies:
    ms: ^2.1.3
  peerDependenciesMeta:
    supports-color:
      optional: true
  checksum: 4805abd570e601acdca85b6aa3757186084a45cff9b2fa6eee1f3b173caa776b45f478b2a71a572d616d2010cea9211d0ac4a02a610e4c18ac4324bde3760834
  languageName: node
  linkType: hard

"js-tokens@npm:^4.0.0":
  version: 4.0.0
  resolution: "js-tokens@npm:4.0.0"
  checksum: 8a95213a5a77deb6cbe94d86340e8d9ace2b93bc367790b260101d2f36a2eaf4e4e22d9fa9cf459b38af3a32fb4190e638024cf82ec95ef708680e405ea7cc78
  languageName: node
  linkType: hard

"jsesc@npm:^3.0.2":
  version: 3.1.0
  resolution: "jsesc@npm:3.1.0"
  bin:
    jsesc: bin/jsesc
  checksum: 19c94095ea026725540c0d29da33ab03144f6bcf2d4159e4833d534976e99e0c09c38cefa9a575279a51fc36b31166f8d6d05c9fe2645d5f15851d690b41f17f
  languageName: node
  linkType: hard

"ms@npm:^2.1.3":
  version: 2.1.3
  resolution: "ms@npm:2.1.3"
  checksum: aa92de608021b242401676e35cfa5aa42dd70cbdc082b916da7fb925c542173e36bce97ea3e804923fe92c0ad991434e4a38327e15a1b5b5f945d66df615ae6d
  languageName: node
  linkType: hard

"picocolors@npm:^1.1.1":
  version: 1.1.1
  resolution: "picocolors@npm:1.1.1"
  checksum: e1cf46bf84886c79055fdfa9dcb3e4711ad259949e3565154b004b260cd356c5d54b31a1437ce9782624bf766272fe6b0154f5f0c744fb7af5d454d2b60db045
  languageName: node
  linkType: hard

"root-workspace-0b6124@workspace:.":
  version: 0.0.0-use.local
  resolution: "root-workspace-0b6124@workspace:."
  dependencies:
    "@babel/plugin-proposal-explicit-resource-management": ^7.27.4
  languageName: unknown
  linkType: soft
